
Microsoft Visual Studio Solution File, Format Version 12.00
# Visual Studio Version 16
VisualStudioVersion = 16.0.32428.217
MinimumVisualStudioVersion = 10.0.40219.1
Project("{FAE04EC0-301F-11D3-BF4B-00C04F79EFBC}") = "Participation Microservice", "Participation Microservice.csproj", "{B4990B5C-85E7-4722-9E47-BE09DBBB55F9}"
EndProject
Global
	GlobalSection(SolutionConfigurationPlatforms) = preSolution
		Debug|Any CPU = Debug|Any CPU
		Release|Any CPU = Release|Any CPU
	EndGlobalSection
	GlobalSection(ProjectConfigurationPlatforms) = postSolution
		{B4990B5C-85E7-4722-9E47-BE09DBBB55F9}.Debug|Any CPU.ActiveCfg = Debug|Any CPU
		{B4990B5C-85E7-4722-9E47-BE09DBBB55F9}.Debug|Any CPU.Build.0 = Debug|Any CPU
		{B4990B5C-85E7-4722-9E47-BE09DBBB55F9}.Release|Any CPU.ActiveCfg = Release|Any CPU
		{B4990B5C-85E7-4722-9E47-BE09DBBB55F9}.Release|Any CPU.Build.0 = Release|Any CPU
	EndGlobalSection
	GlobalSection(SolutionProperties) = preSolution
		HideSolutionNode = FALSE
	EndGlobalSection
	GlobalSection(ExtensibilityGlobals) = postSolution
		SolutionGuid = {F755761F-C09A-4E76-B3A8-DC34F380AD83}
	EndGlobalSection
EndGlobal
