
Microsoft Visual Studio Solution File, Format Version 12.00
# Visual Studio Version 16
VisualStudioVersion = 16.0.32428.217
MinimumVisualStudioVersion = 10.0.40219.1
Project("{FAE04EC0-301F-11D3-BF4B-00C04F79EFBC}") = "MovieMicroservice", "MovieMicroservice.csproj", "{AA31A934-1774-4A07-A26E-57D69B4B5026}"
EndProject
Global
	GlobalSection(SolutionConfigurationPlatforms) = preSolution
		Debug|Any CPU = Debug|Any CPU
		Release|Any CPU = Release|Any CPU
	EndGlobalSection
	GlobalSection(ProjectConfigurationPlatforms) = postSolution
		{AA31A934-1774-4A07-A26E-57D69B4B5026}.Debug|Any CPU.ActiveCfg = Debug|Any CPU
		{AA31A934-1774-4A07-A26E-57D69B4B5026}.Debug|Any CPU.Build.0 = Debug|Any CPU
		{AA31A934-1774-4A07-A26E-57D69B4B5026}.Release|Any CPU.ActiveCfg = Release|Any CPU
		{AA31A934-1774-4A07-A26E-57D69B4B5026}.Release|Any CPU.Build.0 = Release|Any CPU
	EndGlobalSection
	GlobalSection(SolutionProperties) = preSolution
		HideSolutionNode = FALSE
	EndGlobalSection
	GlobalSection(ExtensibilityGlobals) = postSolution
		SolutionGuid = {A5D7472E-DF64-44D6-9D41-429B3B685D8F}
	EndGlobalSection
EndGlobal
